#MicroXplorer Configuration settings - do not modify
Mcu.Family=STM32F4
ProjectManager.MainLocation=Core/Src
PH0-OSC_IN.Locked=true
PH0-OSC_IN.Signal=RCC_OSC_IN
USART2.IPParameters=VirtualMode,BaudRate
RCC.CortexFreq_Value=80000000
ProjectManager.KeepUserCode=true
Mcu.UserName=STM32F446RETx
Dma.SAI1_B.0.MemInc=DMA_MINC_ENABLE
RCC.PLLCLKFreq_Value=80000000
PA14.GPIO_Label=TCK
RCC.PLLQCLKFreq_Value=80000000
ProjectManager.functionlistsort=1-MX_GPIO_Init-GPIO-false-HAL-true,2-MX_DMA_Init-DMA-false-HAL-true,3-SystemClock_Config-RCC-false-HAL-false,4-MX_USART2_UART_Init-USART2-false-HAL-true,5-MX_CRC_Init-CRC-false-HAL-true,6-MX_SAI1_Init-SAI1-false-HAL-true
RCC.RTCFreq_Value=32000
PA3.GPIOParameters=GPIO_Label
RCC.PLLI2SRCLKFreq_Value=96000000
SAI1.AudioFrequency-SAI_B_Master=SAI_AUDIO_FREQUENCY_32K
PC13.GPIO_Label=B1 [Blue PushButton]
RCC.SAIAFreq_Value=50000000
PA2.GPIOParameters=GPIO_Label
PinOutPanel.RotationAngle=0
RCC.SYSCLKSource=RCC_SYSCLKSOURCE_PLLCLK
ProjectManager.StackSize=0x400
SH.GPXTI13.0=GPIO_EXTI13
Mcu.IP4=SAI1
RCC.FCLKCortexFreq_Value=80000000
Mcu.IP5=SYS
Mcu.IP2=NVIC
NVIC.SVCall_IRQn=true\:0\:0\:false\:false\:true\:false\:false
Mcu.IP3=RCC
Mcu.IP0=CRC
Mcu.IP1=DMA
Mcu.UserConstants=
SAI1.ErrorAudioFreq-SAI_B_Master=1.72 %
SH.GPXTI13.ConfNb=1
Mcu.ThirdPartyNb=0
RCC.SDIOFreq_Value=80000000
RCC.HCLKFreq_Value=80000000
Mcu.IPNb=7
RCC.I2SClocksFreq_Value=96000000
ProjectManager.PreviousToolchain=
RCC.APB2TimFreq_Value=80000000
RCC.SPDIFRXFreq_Value=80000000
RCC.VcooutputI2S=96000000
VP_SAI1_VP_$IpInstance_SAIB_SAI_BASIC.Signal=SAI1_VP_$IpInstance_SAIB_SAI_BASIC
Mcu.Pin6=PA3
Mcu.Pin7=PA5
Mcu.Pin8=PB12
Mcu.Pin9=PA9
RCC.VCOSAIOutputFreq_Value=100000000
RCC.AHBFreq_Value=80000000
PH0-OSC_IN.Mode=HSE-External-Oscillator
Mcu.Pin0=PC13
Mcu.Pin1=PC14-OSC32_IN
Mcu.Pin2=PC15-OSC32_OUT
Mcu.Pin3=PH0-OSC_IN
Mcu.Pin4=PH1-OSC_OUT
Mcu.Pin5=PA2
ProjectManager.ProjectBuild=false
RCC.HSE_VALUE=8000000
NVIC.UsageFault_IRQn=true\:0\:0\:false\:false\:true\:true\:false
NVIC.DebugMonitor_IRQn=true\:0\:0\:false\:false\:true\:true\:false
NVIC.SysTick_IRQn=true\:0\:0\:true\:false\:true\:true\:true
ProjectManager.FirmwarePackage=STM32Cube FW_F4 V1.26.1
MxDb.Version=DB.6.0.21
Dma.SAI1_B.0.PeriphInc=DMA_PINC_DISABLE
ProjectManager.BackupPrevious=false
PC14-OSC32_IN.Mode=LSE-External-Oscillator
RCC.VCOInputFreq_Value=2000000
PA14.Mode=Serial_Wire
File.Version=6
PH1-OSC_OUT.Locked=true
PB3.GPIOParameters=GPIO_Label
SAI1.AudioMode-SAI_B_Master=SAI_MODEMASTER_RX
RCC.PLLRCLKFreq_Value=80000000
NVIC.PendSV_IRQn=true\:0\:0\:false\:false\:true\:false\:false
Dma.RequestsNb=1
RCC.PLLI2SoutputFreq_Value=96000000
ProjectManager.HalAssertFull=false
ProjectManager.ProjectName=nucleo-f446-ei-kws
RCC.FLatency-AdvancedSettings=FLASH_LATENCY_2
PA13.GPIOParameters=GPIO_Label
PH1-OSC_OUT.Mode=HSE-External-Oscillator
RCC.MCO2PinFreq_Value=80000000
Mcu.Package=LQFP64
PB9.Signal=SAI1_FS_B
PB12.Mode=SAI_B_Master
PA5.Locked=true
RCC.I2S2Freq_Value=96000000
USART2.VirtualMode=VM_ASYNC
PA14.Locked=true
ProjectManager.ToolChainLocation=
PA2.GPIO_Label=USART_TX
RCC.LSI_VALUE=32000
VP_SYS_VS_Systick.Signal=SYS_VS_Systick
PA5.GPIOParameters=GPIO_Label
RCC.PLLSAIN=50
RCC.PLLSAIM=8
Dma.SAI1_B.0.Mode=DMA_CIRCULAR
Dma.SAI1_B.0.FIFOMode=DMA_FIFOMODE_DISABLE
RCC.CECFreq_Value=32786.88524590164
RCC.APB1TimFreq_Value=80000000
NVIC.BusFault_IRQn=true\:0\:0\:false\:false\:true\:true\:false
Dma.SAI1_B.0.Instance=DMA2_Stream4
RCC.SAIBFreq_Value=50000000
Dma.Request0=SAI1_B
Dma.SAI1_B.0.RequestParameters=Instance,Direction,PeriphInc,MemInc,PeriphDataAlignment,MemDataAlignment,Mode,Priority,FIFOMode
SAI1.RealAudioFreq-SAI_B_Master=32.552 KHz
ProjectManager.CustomerFirmwarePackage=
PC14-OSC32_IN.Locked=true
RCC.PLLSAIQCLKFreq_Value=50000000
SAI1.MClockEnable-SAI_B_Master=SAI_MASTERCLOCK_DISABLE
PB3.Locked=true
PA3.Signal=USART2_RX
PA2.Locked=true
PB3.GPIO_Label=SWO
PC15-OSC32_OUT.Mode=LSE-External-Oscillator
Dma.SAI1_B.0.MemDataAlignment=DMA_MDATAALIGN_WORD
Dma.SAI1_B.0.PeriphDataAlignment=DMA_PDATAALIGN_WORD
ProjectManager.ProjectFileName=nucleo-f446-ei-kws.ioc
Mcu.PinsNb=17
ProjectManager.NoMain=false
PC13.Locked=true
PC13.Signal=GPXTI13
RCC.FMPI2C1Freq_Value=40000000
RCC.VCOI2SInputFreq_Value=1000000
ProjectManager.DefaultFWLocation=true
SAI1.BasicDataSize-SAI_B_Master=SAI_PROTOCOL_DATASIZE_24BIT
ProjectManager.DeletePrevious=true
RCC.APB1CLKDivider=RCC_HCLK_DIV2
PC14-OSC32_IN.Signal=RCC_OSC32_IN
boardIOC=true
SAI1.InitProtocol-SAI_B_Master=Enable
USART2.BaudRate=9600
RCC.FamilyName=M
PA13.Signal=SYS_JTMS-SWDIO
PA3.Mode=Asynchronous
Dma.SAI1_B.0.Priority=DMA_PRIORITY_LOW
PA9.Mode=SAI_B_Master
PC15-OSC32_OUT.Locked=true
SAI1.VirtualMode-SAI_B_Master=VM_MASTER
ProjectManager.TargetToolchain=STM32CubeIDE
VP_CRC_VS_CRC.Signal=CRC_VS_CRC
Dma.SAI1_B.0.Direction=DMA_PERIPH_TO_MEMORY
PB9.Mode=SAI_B_Master
PA9.Signal=SAI1_SD_B
RCC.I2S1Freq_Value=96000000
RCC.VCOInputMFreq_Value=1000000
ProjectManager.RegisterCallBack=
RCC.USBFreq_Value=80000000
RCC.PLLSAIoutputFreq_Value=50000000
PC15-OSC32_OUT.Signal=RCC_OSC32_OUT
VP_SAI1_VP_$IpInstance_SAIB_SAI_BASIC.Mode=SAI_B_BASIC
RCC.VCOI2SOutputFreq_Value=192000000
PA5.Signal=GPIO_Output
SAI1.Instance-SAI_B_Master=SAI$Index_Block_B
RCC.PLLSAIPCLKFreq_Value=50000000
board=NUCLEO-F446RE
SAI1.IPParameters=Instance-SAI_B_Master,VirtualMode-SAI_B_Master,MClockEnable-SAI_B_Master,RealAudioFreq-SAI_B_Master,ErrorAudioFreq-SAI_B_Master,InitProtocol-SAI_B_Master,VirtualProtocol-SAI_B_BASIC,AudioMode-SAI_B_Master,BasicDataSize-SAI_B_Master,AudioFrequency-SAI_B_Master
RCC.VCOOutputFreq_Value=160000000
ProjectManager.LastFirmware=true
RCC.APB2Freq_Value=80000000
MxCube.Version=6.2.1
RCC.PLLI2SPCLKFreq_Value=96000000
PC13.GPIOParameters=GPIO_Label,GPIO_ModeDefaultEXTI
VP_SYS_VS_Systick.Mode=SysTick
RCC.EthernetFreq_Value=84000000
PH1-OSC_OUT.Signal=RCC_OSC_OUT
NVIC.NonMaskableInt_IRQn=true\:0\:0\:false\:false\:true\:true\:false
PA13.Mode=Serial_Wire
ProjectManager.FreePins=false
RCC.IPParameters=48MHZClocksFreq_Value,AHBFreq_Value,APB1CLKDivider,APB1Freq_Value,APB1TimFreq_Value,APB2Freq_Value,APB2TimFreq_Value,CECFreq_Value,CortexFreq_Value,EthernetFreq_Value,FCLKCortexFreq_Value,FLatency-AdvancedSettings,FMPI2C1Freq_Value,FamilyName,HCLKFreq_Value,HSE_VALUE,HSI_VALUE,I2S1Freq_Value,I2S2Freq_Value,I2SClocksFreq_Value,LSI_VALUE,MCO2PinFreq_Value,PLLCLKFreq_Value,PLLI2SPCLKFreq_Value,PLLI2SQCLKFreq_Value,PLLI2SRCLKFreq_Value,PLLI2SoutputFreq_Value,PLLM,PLLN,PLLQCLKFreq_Value,PLLRCLKFreq_Value,PLLSAIM,PLLSAIN,PLLSAIPCLKFreq_Value,PLLSAIQCLKFreq_Value,PLLSAIoutputFreq_Value,PWRFreq_Value,RTCFreq_Value,RTCHSEDivFreq_Value,SAIAFreq_Value,SAIBFreq_Value,SDIOFreq_Value,SPDIFRXFreq_Value,SYSCLKFreq_VALUE,SYSCLKSource,USBFreq_Value,VCOI2SInputFreq_Value,VCOI2SOutputFreq_Value,VCOInputFreq_Value,VCOInputMFreq_Value,VCOOutputFreq_Value,VCOSAIInputFreq_Value,VCOSAIOutputFreq_Value,VcooutputI2S
ProjectManager.AskForMigrate=true
Mcu.Name=STM32F446R(C-E)Tx
RCC.PLLI2SQCLKFreq_Value=96000000
NVIC.DMA2_Stream4_IRQn=true\:0\:0\:false\:false\:true\:false\:true
RCC.RTCHSEDivFreq_Value=4000000
PA13.GPIO_Label=TMS
PA2.Signal=USART2_TX
ProjectManager.UnderRoot=true
Mcu.IP6=USART2
RCC.VCOSAIInputFreq_Value=2000000
ProjectManager.CoupleFile=false
RCC.48MHZClocksFreq_Value=84000000
PB3.Signal=SYS_JTDO-SWO
RCC.SYSCLKFreq_VALUE=80000000
PA3.Locked=true
PA5.GPIO_Label=LD2 [Green Led]
NVIC.ForceEnableDMAVector=true
KeepUserPlacement=false
PC13.GPIO_ModeDefaultEXTI=GPIO_MODE_IT_FALLING
PA14.GPIOParameters=GPIO_Label
NVIC.MemoryManagement_IRQn=true\:0\:0\:false\:false\:true\:true\:false
PA13.Locked=true
ProjectManager.CompilerOptimize=6
PA14.Signal=SYS_JTCK-SWCLK
ProjectManager.HeapSize=0x200
Mcu.Pin15=VP_SAI1_VP_$IpInstance_SAIB_SAI_BASIC
NVIC.HardFault_IRQn=true\:0\:0\:false\:false\:true\:true\:false
Mcu.Pin16=VP_SYS_VS_Systick
Mcu.Pin13=PB9
Mcu.Pin14=VP_CRC_VS_CRC
ProjectManager.ComputerToolchain=false
RCC.HSI_VALUE=16000000
SAI1.VirtualProtocol-SAI_B_BASIC=VM_BASIC_PROTOCOL
NVIC.PriorityGroup=NVIC_PRIORITYGROUP_0
Mcu.Pin11=PA14
Mcu.Pin12=PB3
RCC.PLLM=8
RCC.PLLN=80
Mcu.Pin10=PA13
PA2.Mode=Asynchronous
RCC.PWRFreq_Value=80000000
RCC.APB1Freq_Value=40000000
VP_CRC_VS_CRC.Mode=CRC_Activate
ProjectManager.DeviceId=STM32F446RETx
PB12.Signal=SAI1_SCK_B
ProjectManager.LibraryCopy=1
PA3.GPIO_Label=USART_RX
isbadioc=false
